// !$*UTF8*$!
{
	archiveVersion = 1;
	classes = {
	};
	objectVersion = 46;
	objects = {

/* Begin PBXBuildFile section */
		CF320E541E1ADA2400A2084B /* main.m in Sources */ = {isa = PBXBuildFile; fileRef = CF320E531E1ADA2400A2084B /* main.m */; };
		CF320E571E1ADA2400A2084B /* AppDelegate.m in Sources */ = {isa = PBXBuildFile; fileRef = CF320E561E1ADA2400A2084B /* AppDelegate.m */; };
		CF320E5A1E1ADA2400A2084B /* ViewController.m in Sources */ = {isa = PBXBuildFile; fileRef = CF320E591E1ADA2400A2084B /* ViewController.m */; };
		CF320E5D1E1ADA2400A2084B /* Main.storyboard in Resources */ = {isa = PBXBuildFile; fileRef = CF320E5B1E1ADA2400A2084B /* Main.storyboard */; };
		CF320E5F1E1ADA2400A2084B /* Assets.xcassets in Resources */ = {isa = PBXBuildFile; fileRef = CF320E5E1E1ADA2400A2084B /* Assets.xcassets */; };
		CF320E621E1ADA2400A2084B /* LaunchScreen.storyboard in Resources */ = {isa = PBXBuildFile; fileRef = CF320E601E1ADA2400A2084B /* LaunchScreen.storyboard */; };
		CF794FC21E1B0E2A0029445B /* RecipeCell.m in Sources */ = {isa = PBXBuildFile; fileRef = CF794FC11E1B0E2A0029445B /* RecipeCell.m */; };
		CF794FC81E1B0FBB0029445B /* RecipeHeaderView.m in Sources */ = {isa = PBXBuildFile; fileRef = CF794FC71E1B0FBB0029445B /* RecipeHeaderView.m */; };
		CF794FDF1E1B12480029445B /* angry_birds_cake.jpg in Resources */ = {isa = PBXBuildFile; fileRef = CF794FCA1E1B12480029445B /* angry_birds_cake.jpg */; };
		CF794FE01E1B12480029445B /* creme_brelee.jpg in Resources */ = {isa = PBXBuildFile; fileRef = CF794FCB1E1B12480029445B /* creme_brelee.jpg */; };
		CF794FE11E1B12480029445B /* egg_benedict.jpg in Resources */ = {isa = PBXBuildFile; fileRef = CF794FCC1E1B12480029445B /* egg_benedict.jpg */; };
		CF794FE21E1B12480029445B /* footer_banner.png in Resources */ = {isa = PBXBuildFile; fileRef = CF794FCD1E1B12480029445B /* footer_banner.png */; };
		CF794FE31E1B12480029445B /* full_breakfast.jpg in Resources */ = {isa = PBXBuildFile; fileRef = CF794FCE1E1B12480029445B /* full_breakfast.jpg */; };
		CF794FE41E1B12480029445B /* green_tea.jpg in Resources */ = {isa = PBXBuildFile; fileRef = CF794FCF1E1B12480029445B /* green_tea.jpg */; };
		CF794FE51E1B12480029445B /* ham_and_cheese_panini.jpg in Resources */ = {isa = PBXBuildFile; fileRef = CF794FD01E1B12480029445B /* ham_and_cheese_panini.jpg */; };
		CF794FE61E1B12480029445B /* ham_and_egg_sandwich.jpg in Resources */ = {isa = PBXBuildFile; fileRef = CF794FD11E1B12480029445B /* ham_and_egg_sandwich.jpg */; };
		CF794FE71E1B12480029445B /* hamburger.jpg in Resources */ = {isa = PBXBuildFile; fileRef = CF794FD21E1B12480029445B /* hamburger.jpg */; };
		CF794FE81E1B12480029445B /* header_banner.png in Resources */ = {isa = PBXBuildFile; fileRef = CF794FD31E1B12480029445B /* header_banner.png */; };
		CF794FE91E1B12480029445B /* instant_noodle_with_egg.jpg in Resources */ = {isa = PBXBuildFile; fileRef = CF794FD41E1B12480029445B /* instant_noodle_with_egg.jpg */; };
		CF794FEA1E1B12480029445B /* japanese_noodle_with_pork.jpg in Resources */ = {isa = PBXBuildFile; fileRef = CF794FD51E1B12480029445B /* japanese_noodle_with_pork.jpg */; };
		CF794FEB1E1B12480029445B /* mushroom_risotto.jpg in Resources */ = {isa = PBXBuildFile; fileRef = CF794FD61E1B12480029445B /* mushroom_risotto.jpg */; };
		CF794FEC1E1B12480029445B /* noodle_with_bbq_pork.jpg in Resources */ = {isa = PBXBuildFile; fileRef = CF794FD71E1B12480029445B /* noodle_with_bbq_pork.jpg */; };
		CF794FED1E1B12480029445B /* photo-frame.png in Resources */ = {isa = PBXBuildFile; fileRef = CF794FD81E1B12480029445B /* photo-frame.png */; };
		CF794FEE1E1B12480029445B /* photo-frame-2.png in Resources */ = {isa = PBXBuildFile; fileRef = CF794FD91E1B12480029445B /* photo-frame-2.png */; };
		CF794FEF1E1B12480029445B /* pic_frame.png in Resources */ = {isa = PBXBuildFile; fileRef = CF794FDA1E1B12480029445B /* pic_frame.png */; };
		CF794FF01E1B12480029445B /* starbucks_coffee.jpg in Resources */ = {isa = PBXBuildFile; fileRef = CF794FDB1E1B12480029445B /* starbucks_coffee.jpg */; };
		CF794FF11E1B12480029445B /* thai_shrimp_cake.jpg in Resources */ = {isa = PBXBuildFile; fileRef = CF794FDC1E1B12480029445B /* thai_shrimp_cake.jpg */; };
		CF794FF21E1B12480029445B /* vegetable_curry.jpg in Resources */ = {isa = PBXBuildFile; fileRef = CF794FDD1E1B12480029445B /* vegetable_curry.jpg */; };
		CF794FF31E1B12480029445B /* white_chocolate_donut.jpg in Resources */ = {isa = PBXBuildFile; fileRef = CF794FDE1E1B12480029445B /* white_chocolate_donut.jpg */; };
/* End PBXBuildFile section */

/* Begin PBXFileReference section */
		CF320E4F1E1ADA2400A2084B /* CollectionView.app */ = {isa = PBXFileReference; explicitFileType = wrapper.application; includeInIndex = 0; path = CollectionView.app; sourceTree = BUILT_PRODUCTS_DIR; };
		CF320E531E1ADA2400A2084B /* main.m */ = {isa = PBXFileReference; lastKnownFileType = sourcecode.c.objc; path = main.m; sourceTree = "<group>"; };
		CF320E551E1ADA2400A2084B /* AppDelegate.h */ = {isa = PBXFileReference; lastKnownFileType = sourcecode.c.h; path = AppDelegate.h; sourceTree = "<group>"; };
		CF320E561E1ADA2400A2084B /* AppDelegate.m */ = {isa = PBXFileReference; lastKnownFileType = sourcecode.c.objc; path = AppDelegate.m; sourceTree = "<group>"; };
		CF320E581E1ADA2400A2084B /* ViewController.h */ = {isa = PBXFileReference; lastKnownFileType = sourcecode.c.h; path = ViewController.h; sourceTree = "<group>"; };
		CF320E591E1ADA2400A2084B /* ViewController.m */ = {isa = PBXFileReference; lastKnownFileType = sourcecode.c.objc; path = ViewController.m; sourceTree = "<group>"; };
		CF320E5C1E1ADA2400A2084B /* Base */ = {isa = PBXFileReference; lastKnownFileType = file.storyboard; name = Base; path = Base.lproj/Main.storyboard; sourceTree = "<group>"; };
		CF320E5E1E1ADA2400A2084B /* Assets.xcassets */ = {isa = PBXFileReference; lastKnownFileType = folder.assetcatalog; path = Assets.xcassets; sourceTree = "<group>"; };
		CF320E611E1ADA2400A2084B /* Base */ = {isa = PBXFileReference; lastKnownFileType = file.storyboard; name = Base; path = Base.lproj/LaunchScreen.storyboard; sourceTree = "<group>"; };
		CF320E631E1ADA2400A2084B /* Info.plist */ = {isa = PBXFileReference; lastKnownFileType = text.plist.xml; path = Info.plist; sourceTree = "<group>"; };
		CF794FC01E1B0E2A0029445B /* RecipeCell.h */ = {isa = PBXFileReference; fileEncoding = 4; lastKnownFileType = sourcecode.c.h; path = RecipeCell.h; sourceTree = "<group>"; };
		CF794FC11E1B0E2A0029445B /* RecipeCell.m */ = {isa = PBXFileReference; fileEncoding = 4; lastKnownFileType = sourcecode.c.objc; path = RecipeCell.m; sourceTree = "<group>"; };
		CF794FC61E1B0FBB0029445B /* RecipeHeaderView.h */ = {isa = PBXFileReference; fileEncoding = 4; lastKnownFileType = sourcecode.c.h; path = RecipeHeaderView.h; sourceTree = "<group>"; };
		CF794FC71E1B0FBB0029445B /* RecipeHeaderView.m */ = {isa = PBXFileReference; fileEncoding = 4; lastKnownFileType = sourcecode.c.objc; path = RecipeHeaderView.m; sourceTree = "<group>"; };
		CF794FCA1E1B12480029445B /* angry_birds_cake.jpg */ = {isa = PBXFileReference; lastKnownFileType = image.jpeg; path = angry_birds_cake.jpg; sourceTree = "<group>"; };
		CF794FCB1E1B12480029445B /* creme_brelee.jpg */ = {isa = PBXFileReference; lastKnownFileType = image.jpeg; path = creme_brelee.jpg; sourceTree = "<group>"; };
		CF794FCC1E1B12480029445B /* egg_benedict.jpg */ = {isa = PBXFileReference; lastKnownFileType = image.jpeg; path = egg_benedict.jpg; sourceTree = "<group>"; };
		CF794FCD1E1B12480029445B /* footer_banner.png */ = {isa = PBXFileReference; lastKnownFileType = image.png; path = footer_banner.png; sourceTree = "<group>"; };
		CF794FCE1E1B12480029445B /* full_breakfast.jpg */ = {isa = PBXFileReference; lastKnownFileType = image.jpeg; path = full_breakfast.jpg; sourceTree = "<group>"; };
		CF794FCF1E1B12480029445B /* green_tea.jpg */ = {isa = PBXFileReference; lastKnownFileType = image.jpeg; path = green_tea.jpg; sourceTree = "<group>"; };
		CF794FD01E1B12480029445B /* ham_and_cheese_panini.jpg */ = {isa = PBXFileReference; lastKnownFileType = image.jpeg; path = ham_and_cheese_panini.jpg; sourceTree = "<group>"; };
		CF794FD11E1B12480029445B /* ham_and_egg_sandwich.jpg */ = {isa = PBXFileReference; lastKnownFileType = image.jpeg; path = ham_and_egg_sandwich.jpg; sourceTree = "<group>"; };
		CF794FD21E1B12480029445B /* hamburger.jpg */ = {isa = PBXFileReference; lastKnownFileType = image.jpeg; path = hamburger.jpg; sourceTree = "<group>"; };
		CF794FD31E1B12480029445B /* header_banner.png */ = {isa = PBXFileReference; lastKnownFileType = image.png; path = header_banner.png; sourceTree = "<group>"; };
		CF794FD41E1B12480029445B /* instant_noodle_with_egg.jpg */ = {isa = PBXFileReference; lastKnownFileType = image.jpeg; path = instant_noodle_with_egg.jpg; sourceTree = "<group>"; };
		CF794FD51E1B12480029445B /* japanese_noodle_with_pork.jpg */ = {isa = PBXFileReference; lastKnownFileType = image.jpeg; path = japanese_noodle_with_pork.jpg; sourceTree = "<group>"; };
		CF794FD61E1B12480029445B /* mushroom_risotto.jpg */ = {isa = PBXFileReference; lastKnownFileType = image.jpeg; path = mushroom_risotto.jpg; sourceTree = "<group>"; };
		CF794FD71E1B12480029445B /* noodle_with_bbq_pork.jpg */ = {isa = PBXFileReference; lastKnownFileType = image.jpeg; path = noodle_with_bbq_pork.jpg; sourceTree = "<group>"; };
		CF794FD81E1B12480029445B /* photo-frame.png */ = {isa = PBXFileReference; lastKnownFileType = image.png; path = "photo-frame.png"; sourceTree = "<group>"; };
		CF794FD91E1B12480029445B /* photo-frame-2.png */ = {isa = PBXFileReference; lastKnownFileType = image.png; path = "photo-frame-2.png"; sourceTree = "<group>"; };
		CF794FDA1E1B12480029445B /* pic_frame.png */ = {isa = PBXFileReference; lastKnownFileType = image.png; path = pic_frame.png; sourceTree = "<group>"; };
		CF794FDB1E1B12480029445B /* starbucks_coffee.jpg */ = {isa = PBXFileReference; lastKnownFileType = image.jpeg; path = starbucks_coffee.jpg; sourceTree = "<group>"; };
		CF794FDC1E1B12480029445B /* thai_shrimp_cake.jpg */ = {isa = PBXFileReference; lastKnownFileType = image.jpeg; path = thai_shrimp_cake.jpg; sourceTree = "<group>"; };
		CF794FDD1E1B12480029445B /* vegetable_curry.jpg */ = {isa = PBXFileReference; lastKnownFileType = image.jpeg; path = vegetable_curry.jpg; sourceTree = "<group>"; };
		CF794FDE1E1B12480029445B /* white_chocolate_donut.jpg */ = {isa = PBXFileReference; lastKnownFileType = image.jpeg; path = white_chocolate_donut.jpg; sourceTree = "<group>"; };
/* End PBXFileReference section */

/* Begin PBXFrameworksBuildPhase section */
		CF320E4C1E1ADA2400A2084B /* Frameworks */ = {
			isa = PBXFrameworksBuildPhase;
			buildActionMask = 2147483647;
			files = (
			);
			runOnlyForDeploymentPostprocessing = 0;
		};
/* End PBXFrameworksBuildPhase section */

/* Begin PBXGroup section */
		CF320E461E1ADA2400A2084B = {
			isa = PBXGroup;
			children = (
				CF320E511E1ADA2400A2084B /* CollectionView */,
				CF320E501E1ADA2400A2084B /* Products */,
			);
			sourceTree = "<group>";
		};
		CF320E501E1ADA2400A2084B /* Products */ = {
			isa = PBXGroup;
			children = (
				CF320E4F1E1ADA2400A2084B /* CollectionView.app */,
			);
			name = Products;
			sourceTree = "<group>";
		};
		CF320E511E1ADA2400A2084B /* CollectionView */ = {
			isa = PBXGroup;
			children = (
				CF320E691E1ADE3600A2084B /* Images */,
				CF320E551E1ADA2400A2084B /* AppDelegate.h */,
				CF320E561E1ADA2400A2084B /* AppDelegate.m */,
				CF320E581E1ADA2400A2084B /* ViewController.h */,
				CF320E591E1ADA2400A2084B /* ViewController.m */,
				CF794FC91E1B0FE80029445B /* CustomClasses */,
				CF320E5B1E1ADA2400A2084B /* Main.storyboard */,
				CF320E5E1E1ADA2400A2084B /* Assets.xcassets */,
				CF320E601E1ADA2400A2084B /* LaunchScreen.storyboard */,
				CF320E631E1ADA2400A2084B /* Info.plist */,
				CF320E521E1ADA2400A2084B /* Supporting Files */,
			);
			path = CollectionView;
			sourceTree = "<group>";
		};
		CF320E521E1ADA2400A2084B /* Supporting Files */ = {
			isa = PBXGroup;
			children = (
				CF320E531E1ADA2400A2084B /* main.m */,
			);
			name = "Supporting Files";
			sourceTree = "<group>";
		};
		CF320E691E1ADE3600A2084B /* Images */ = {
			isa = PBXGroup;
			children = (
				CF794FCA1E1B12480029445B /* angry_birds_cake.jpg */,
				CF794FCB1E1B12480029445B /* creme_brelee.jpg */,
				CF794FCC1E1B12480029445B /* egg_benedict.jpg */,
				CF794FCD1E1B12480029445B /* footer_banner.png */,
				CF794FCE1E1B12480029445B /* full_breakfast.jpg */,
				CF794FCF1E1B12480029445B /* green_tea.jpg */,
				CF794FD01E1B12480029445B /* ham_and_cheese_panini.jpg */,
				CF794FD11E1B12480029445B /* ham_and_egg_sandwich.jpg */,
				CF794FD21E1B12480029445B /* hamburger.jpg */,
				CF794FD31E1B12480029445B /* header_banner.png */,
				CF794FD41E1B12480029445B /* instant_noodle_with_egg.jpg */,
				CF794FD51E1B12480029445B /* japanese_noodle_with_pork.jpg */,
				CF794FD61E1B12480029445B /* mushroom_risotto.jpg */,
				CF794FD71E1B12480029445B /* noodle_with_bbq_pork.jpg */,
				CF794FD81E1B12480029445B /* photo-frame.png */,
				CF794FD91E1B12480029445B /* photo-frame-2.png */,
				CF794FDA1E1B12480029445B /* pic_frame.png */,
				CF794FDB1E1B12480029445B /* starbucks_coffee.jpg */,
				CF794FDC1E1B12480029445B /* thai_shrimp_cake.jpg */,
				CF794FDD1E1B12480029445B /* vegetable_curry.jpg */,
				CF794FDE1E1B12480029445B /* white_chocolate_donut.jpg */,
			);
			name = Images;
			sourceTree = "<group>";
		};
		CF794FC91E1B0FE80029445B /* CustomClasses */ = {
			isa = PBXGroup;
			children = (
				CF794FC01E1B0E2A0029445B /* RecipeCell.h */,
				CF794FC11E1B0E2A0029445B /* RecipeCell.m */,
				CF794FC61E1B0FBB0029445B /* RecipeHeaderView.h */,
				CF794FC71E1B0FBB0029445B /* RecipeHeaderView.m */,
			);
			name = CustomClasses;
			sourceTree = "<group>";
		};
/* End PBXGroup section */

/* Begin PBXNativeTarget section */
		CF320E4E1E1ADA2400A2084B /* CollectionView */ = {
			isa = PBXNativeTarget;
			buildConfigurationList = CF320E661E1ADA2400A2084B /* Build configuration list for PBXNativeTarget "CollectionView" */;
			buildPhases = (
				CF320E4B1E1ADA2400A2084B /* Sources */,
				CF320E4C1E1ADA2400A2084B /* Frameworks */,
				CF320E4D1E1ADA2400A2084B /* Resources */,
			);
			buildRules = (
			);
			dependencies = (
			);
			name = CollectionView;
			productName = CollectionView;
			productReference = CF320E4F1E1ADA2400A2084B /* CollectionView.app */;
			productType = "com.apple.product-type.application";
		};
/* End PBXNativeTarget section */

/* Begin PBXProject section */
		CF320E471E1ADA2400A2084B /* Project object */ = {
			isa = PBXProject;
			attributes = {
				LastUpgradeCheck = 0720;
				ORGANIZATIONNAME = "Ashwin Tallapaka";
				TargetAttributes = {
					CF320E4E1E1ADA2400A2084B = {
						CreatedOnToolsVersion = 7.2.1;
						DevelopmentTeam = XQW53V53S6;
					};
				};
			};
			buildConfigurationList = CF320E4A1E1ADA2400A2084B /* Build configuration list for PBXProject "CollectionView" */;
			compatibilityVersion = "Xcode 3.2";
			developmentRegion = English;
			hasScannedForEncodings = 0;
			knownRegions = (
				en,
				Base,
			);
			mainGroup = CF320E461E1ADA2400A2084B;
			productRefGroup = CF320E501E1ADA2400A2084B /* Products */;
			projectDirPath = "";
			projectRoot = "";
			targets = (
				CF320E4E1E1ADA2400A2084B /* CollectionView */,
			);
		};
/* End PBXProject section */

/* Begin PBXResourcesBuildPhase section */
		CF320E4D1E1ADA2400A2084B /* Resources */ = {
			isa = PBXResourcesBuildPhase;
			buildActionMask = 2147483647;
			files = (
				CF794FEB1E1B12480029445B /* mushroom_risotto.jpg in Resources */,
				CF794FEA1E1B12480029445B /* japanese_noodle_with_pork.jpg in Resources */,
				CF794FE51E1B12480029445B /* ham_and_cheese_panini.jpg in Resources */,
				CF794FEE1E1B12480029445B /* photo-frame-2.png in Resources */,
				CF794FE71E1B12480029445B /* hamburger.jpg in Resources */,
				CF794FE21E1B12480029445B /* footer_banner.png in Resources */,
				CF794FEF1E1B12480029445B /* pic_frame.png in Resources */,
				CF320E621E1ADA2400A2084B /* LaunchScreen.storyboard in Resources */,
				CF794FE91E1B12480029445B /* instant_noodle_with_egg.jpg in Resources */,
				CF794FE61E1B12480029445B /* ham_and_egg_sandwich.jpg in Resources */,
				CF794FF21E1B12480029445B /* vegetable_curry.jpg in Resources */,
				CF794FF31E1B12480029445B /* white_chocolate_donut.jpg in Resources */,
				CF794FE01E1B12480029445B /* creme_brelee.jpg in Resources */,
				CF794FE81E1B12480029445B /* header_banner.png in Resources */,
				CF794FEC1E1B12480029445B /* noodle_with_bbq_pork.jpg in Resources */,
				CF320E5F1E1ADA2400A2084B /* Assets.xcassets in Resources */,
				CF794FED1E1B12480029445B /* photo-frame.png in Resources */,
				CF794FF01E1B12480029445B /* starbucks_coffee.jpg in Resources */,
				CF794FF11E1B12480029445B /* thai_shrimp_cake.jpg in Resources */,
				CF794FDF1E1B12480029445B /* angry_birds_cake.jpg in Resources */,
				CF320E5D1E1ADA2400A2084B /* Main.storyboard in Resources */,
				CF794FE41E1B12480029445B /* green_tea.jpg in Resources */,
				CF794FE31E1B12480029445B /* full_breakfast.jpg in Resources */,
				CF794FE11E1B12480029445B /* egg_benedict.jpg in Resources */,
			);
			runOnlyForDeploymentPostprocessing = 0;
		};
/* End PBXResourcesBuildPhase section */

/* Begin PBXSourcesBuildPhase section */
		CF320E4B1E1ADA2400A2084B /* Sources */ = {
			isa = PBXSourcesBuildPhase;
			buildActionMask = 2147483647;
			files = (
				CF320E5A1E1ADA2400A2084B /* ViewController.m in Sources */,
				CF320E571E1ADA2400A2084B /* AppDelegate.m in Sources */,
				CF794FC81E1B0FBB0029445B /* RecipeHeaderView.m in Sources */,
				CF320E541E1ADA2400A2084B /* main.m in Sources */,
				CF794FC21E1B0E2A0029445B /* RecipeCell.m in Sources */,
			);
			runOnlyForDeploymentPostprocessing = 0;
		};
/* End PBXSourcesBuildPhase section */

/* Begin PBXVariantGroup section */
		CF320E5B1E1ADA2400A2084B /* Main.storyboard */ = {
			isa = PBXVariantGroup;
			children = (
				CF320E5C1E1ADA2400A2084B /* Base */,
			);
			name = Main.storyboard;
			sourceTree = "<group>";
		};
		CF320E601E1ADA2400A2084B /* LaunchScreen.storyboard */ = {
			isa = PBXVariantGroup;
			children = (
				CF320E611E1ADA2400A2084B /* Base */,
			);
			name = LaunchScreen.storyboard;
			sourceTree = "<group>";
		};
/* End PBXVariantGroup section */

/* Begin XCBuildConfiguration section */
		CF320E641E1ADA2400A2084B /* Debug */ = {
			isa = XCBuildConfiguration;
			buildSettings = {
				ALWAYS_SEARCH_USER_PATHS = NO;
				CLANG_CXX_LANGUAGE_STANDARD = "gnu++0x";
				CLANG_CXX_LIBRARY = "libc++";
				CLANG_ENABLE_MODULES = YES;
				CLANG_ENABLE_OBJC_ARC = YES;
				CLANG_WARN_BOOL_CONVERSION = YES;
				CLANG_WARN_CONSTANT_CONVERSION = YES;
				CLANG_WARN_DIRECT_OBJC_ISA_USAGE = YES_ERROR;
				CLANG_WARN_EMPTY_BODY = YES;
				CLANG_WARN_ENUM_CONVERSION = YES;
				CLANG_WARN_INT_CONVERSION = YES;
				CLANG_WARN_OBJC_ROOT_CLASS = YES_ERROR;
				CLANG_WARN_UNREACHABLE_CODE = YES;
				CLANG_WARN__DUPLICATE_METHOD_MATCH = YES;
				"CODE_SIGN_IDENTITY[sdk=iphoneos*]" = "iPhone Developer";
				COPY_PHASE_STRIP = NO;
				DEBUG_INFORMATION_FORMAT = dwarf;
				ENABLE_STRICT_OBJC_MSGSEND = YES;
				ENABLE_TESTABILITY = YES;
				GCC_C_LANGUAGE_STANDARD = gnu99;
				GCC_DYNAMIC_NO_PIC = NO;
				GCC_NO_COMMON_BLOCKS = YES;
				GCC_OPTIMIZATION_LEVEL = 0;
				GCC_PREPROCESSOR_DEFINITIONS = (
					"DEBUG=1",
					"$(inherited)",
				);
				GCC_WARN_64_TO_32_BIT_CONVERSION = YES;
				GCC_WARN_ABOUT_RETURN_TYPE = YES_ERROR;
				GCC_WARN_UNDECLARED_SELECTOR = YES;
				GCC_WARN_UNINITIALIZED_AUTOS = YES_AGGRESSIVE;
				GCC_WARN_UNUSED_FUNCTION = YES;
				GCC_WARN_UNUSED_VARIABLE = YES;
				IPHONEOS_DEPLOYMENT_TARGET = 9.2;
				MTL_ENABLE_DEBUG_INFO = YES;
				ONLY_ACTIVE_ARCH = YES;
				SDKROOT = iphoneos;
				TARGETED_DEVICE_FAMILY = "1,2";
			};
			name = Debug;
		};
		CF320E651E1ADA2400A2084B /* Release */ = {
			isa = XCBuildConfiguration;
			buildSettings = {
				ALWAYS_SEARCH_USER_PATHS = NO;
				CLANG_CXX_LANGUAGE_STANDARD = "gnu++0x";
				CLANG_CXX_LIBRARY = "libc++";
				CLANG_ENABLE_MODULES = YES;
				CLANG_ENABLE_OBJC_ARC = YES;
				CLANG_WARN_BOOL_CONVERSION = YES;
				CLANG_WARN_CONSTANT_CONVERSION = YES;
				CLANG_WARN_DIRECT_OBJC_ISA_USAGE = YES_ERROR;
				CLANG_WARN_EMPTY_BODY = YES;
				CLANG_WARN_ENUM_CONVERSION = YES;
				CLANG_WARN_INT_CONVERSION = YES;
				CLANG_WARN_OBJC_ROOT_CLASS = YES_ERROR;
				CLANG_WARN_UNREACHABLE_CODE = YES;
				CLANG_WARN__DUPLICATE_METHOD_MATCH = YES;
				"CODE_SIGN_IDENTITY[sdk=iphoneos*]" = "iPhone Developer";
				COPY_PHASE_STRIP = NO;
				DEBUG_INFORMATION_FORMAT = "dwarf-with-dsym";
				ENABLE_NS_ASSERTIONS = NO;
				ENABLE_STRICT_OBJC_MSGSEND = YES;
				GCC_C_LANGUAGE_STANDARD = gnu99;
				GCC_NO_COMMON_BLOCKS = YES;
				GCC_WARN_64_TO_32_BIT_CONVERSION = YES;
				GCC_WARN_ABOUT_RETURN_TYPE = YES_ERROR;
				GCC_WARN_UNDECLARED_SELECTOR = YES;
				GCC_WARN_UNINITIALIZED_AUTOS = YES_AGGRESSIVE;
				GCC_WARN_UNUSED_FUNCTION = YES;
				GCC_WARN_UNUSED_VARIABLE = YES;
				IPHONEOS_DEPLOYMENT_TARGET = 9.2;
				MTL_ENABLE_DEBUG_INFO = NO;
				SDKROOT = iphoneos;
				TARGETED_DEVICE_FAMILY = "1,2";
				VALIDATE_PRODUCT = YES;
			};
			name = Release;
		};
		CF320E671E1ADA2400A2084B /* Debug */ = {
			isa = XCBuildConfiguration;
			buildSettings = {
				ASSETCATALOG_COMPILER_APPICON_NAME = AppIcon;
				INFOPLIST_FILE = CollectionView/Info.plist;
				LD_RUNPATH_SEARCH_PATHS = "$(inherited) @executable_path/Frameworks";
				PRODUCT_BUNDLE_IDENTIFIER = com.ashwint379.CollectionView;
				PRODUCT_NAME = "$(TARGET_NAME)";
			};
			name = Debug;
		};
		CF320E681E1ADA2400A2084B /* Release */ = {
			isa = XCBuildConfiguration;
			buildSettings = {
				ASSETCATALOG_COMPILER_APPICON_NAME = AppIcon;
				INFOPLIST_FILE = CollectionView/Info.plist;
				LD_RUNPATH_SEARCH_PATHS = "$(inherited) @executable_path/Frameworks";
				PRODUCT_BUNDLE_IDENTIFIER = com.ashwint379.CollectionView;
				PRODUCT_NAME = "$(TARGET_NAME)";
			};
			name = Release;
		};
/* End XCBuildConfiguration section */

/* Begin XCConfigurationList section */
		CF320E4A1E1ADA2400A2084B /* Build configuration list for PBXProject "CollectionView" */ = {
			isa = XCConfigurationList;
			buildConfigurations = (
				CF320E641E1ADA2400A2084B /* Debug */,
				CF320E651E1ADA2400A2084B /* Release */,
			);
			defaultConfigurationIsVisible = 0;
			defaultConfigurationName = Release;
		};
		CF320E661E1ADA2400A2084B /* Build configuration list for PBXNativeTarget "CollectionView" */ = {
			isa = XCConfigurationList;
			buildConfigurations = (
				CF320E671E1ADA2400A2084B /* Debug */,
				CF320E681E1ADA2400A2084B /* Release */,
			);
			defaultConfigurationIsVisible = 0;
			defaultConfigurationName = Release;
		};
/* End XCConfigurationList section */
	};
	rootObject = CF320E471E1ADA2400A2084B /* Project object */;
}
